
Microsoft Visual Studio Solution File, Format Version 12.00
# Visual Studio Version 17
VisualStudioVersion = 17.8.34511.84
MinimumVisualStudioVersion = 10.0.40219.1
Project("{FAE04EC0-301F-11D3-BF4B-00C04F79EFBC}") = "bulutbilisim", "bulutbilisim.csproj", "{3DCECBD6-B924-49FE-B5EB-AFF2DC154A19}"
EndProject
Global
	GlobalSection(SolutionConfigurationPlatforms) = preSolution
		Debug|Any CPU = Debug|Any CPU
		Release|Any CPU = Release|Any CPU
	EndGlobalSection
	GlobalSection(ProjectConfigurationPlatforms) = postSolution
		{3DCECBD6-B924-49FE-B5EB-AFF2DC154A19}.Debug|Any CPU.ActiveCfg = Debug|Any CPU
		{3DCECBD6-B924-49FE-B5EB-AFF2DC154A19}.Debug|Any CPU.Build.0 = Debug|Any CPU
		{3DCECBD6-B924-49FE-B5EB-AFF2DC154A19}.Release|Any CPU.ActiveCfg = Release|Any CPU
		{3DCECBD6-B924-49FE-B5EB-AFF2DC154A19}.Release|Any CPU.Build.0 = Release|Any CPU
	EndGlobalSection
	GlobalSection(SolutionProperties) = preSolution
		HideSolutionNode = FALSE
	EndGlobalSection
	GlobalSection(ExtensibilityGlobals) = postSolution
		SolutionGuid = {C50C5AF0-6756-4CCC-899C-B18374E74EBF}
	EndGlobalSection
EndGlobal
